PODS:
  - BakongKHQR (1.0.0.15)
  - Flutter (1.0.0)
  - integration_test (0.0.1):
    - Flutter
  - khqr_sdk (0.0.1):
    - BakongKHQR (~> 1.0.0.15)
    - Flutter

DEPENDENCIES:
  - Flutter (from `Flutter`)
  - integration_test (from `.symlinks/plugins/integration_test/ios`)
  - khqr_sdk (from `.symlinks/plugins/khqr_sdk/ios`)

SPEC REPOS:
  "https://sambo:ycfXmxxRbyzEmozY9z6n@gitlab.nbc.gov.kh/khqr/khqr-ios-pod.git":
    - BakongKHQR

EXTERNAL SOURCES:
  Flutter:
    :path: Flutter
  integration_test:
    :path: ".symlinks/plugins/integration_test/ios"
  khqr_sdk:
    :path: ".symlinks/plugins/khqr_sdk/ios"

SPEC CHECKSUMS:
  BakongKHQR: 6ade9d154b26056075c9b8bcc865ad7ca1652424
  Flutter: e0871f40cf51350855a761d2e70bf5af5b9b5de7
  integration_test: 252f60fa39af5e17c3aa9899d35d908a0721b573
  khqr_sdk: 48753e4b63620c924e99910244836e8e8b48cd6c

PODFILE CHECKSUM: e0006343b0b6cd9a7825676c319b85508a5c66cc

COCOAPODS: 1.15.2
